#
# This file is autogenerated by pip-compile with Python 3.11
# by the following command:
#
#    pip-compile --output-file=backend/requirements.lock --strip-extras backend/requirements.txt
#
annotated-types==0.7.0
    # via pydantic
certifi==2026.6.17
    # via requests
charset-normalizer==3.4.9
    # via requests
colorama==0.4.6
    # via pytest
defusedxml==0.7.1
    # via -r backend/requirements.txt
duckdb==1.5.4
    # via -r backend/requirements.txt
idna==3.18
    # via requests
iniconfig==2.3.0
    # via pytest
mypy-extensions==1.1.0
    # via typing-inspect
numpy==2.4.6
    # via
    #   -r backend/requirements.txt
    #   pandas
packaging==26.2
    # via
    #   pandera
    #   pytest
pandas==3.0.3
    # via -r backend/requirements.txt
pandera==0.32.1
    # via -r backend/requirements.txt
pluggy==1.6.0
    # via pytest
pydantic==2.13.4
    # via pandera
pydantic-core==2.46.4
    # via pydantic
pygments==2.20.0
    # via pytest
pytest==9.1.1
    # via -r backend/requirements.txt
python-dateutil==2.9.0.post0
    # via pandas
python-dotenv==1.2.2
    # via -r backend/requirements.txt
requests==2.34.2
    # via
    #   -r backend/requirements.txt
    #   vadersentiment
six==1.17.0
    # via python-dateutil
typeguard==4.5.2
    # via pandera
typing-extensions==4.16.0
    # via
    #   pandera
    #   pydantic
    #   pydantic-core
    #   typeguard
    #   typing-inspect
    #   typing-inspection
typing-inspect==0.9.0
    # via pandera
typing-inspection==0.4.2
    # via pydantic
tzdata==2026.3
    # via pandas
urllib3==2.7.0
    # via requests
vadersentiment==3.3.2
    # via -r backend/requirements.txt
